
Microsoft Visual Studio Solution File, Format Version 12.00
# Visual Studio Version 17
VisualStudioVersion = 17.1.32407.343
MinimumVisualStudioVersion = 10.0.40219.1
Project("{FAE04EC0-301F-11D3-BF4B-00C04F79EFBC}") = "ChungKhoanASPDotNetCore", "ChungKhoanASPDotNetCore\ChungKhoanASPDotNetCore.csproj", "{F905BAA1-C15C-49EC-8B64-94C7AC1DDF81}"
EndProject
Global
	GlobalSection(SolutionConfigurationPlatforms) = preSolution
		Debug|Any CPU = Debug|Any CPU
		Release|Any CPU = Release|Any CPU
	EndGlobalSection
	GlobalSection(ProjectConfigurationPlatforms) = postSolution
		{F905BAA1-C15C-49EC-8B64-94C7AC1DDF81}.Debug|Any CPU.ActiveCfg = Debug|Any CPU
		{F905BAA1-C15C-49EC-8B64-94C7AC1DDF81}.Debug|Any CPU.Build.0 = Debug|Any CPU
		{F905BAA1-C15C-49EC-8B64-94C7AC1DDF81}.Release|Any CPU.ActiveCfg = Release|Any CPU
		{F905BAA1-C15C-49EC-8B64-94C7AC1DDF81}.Release|Any CPU.Build.0 = Release|Any CPU
	EndGlobalSection
	GlobalSection(SolutionProperties) = preSolution
		HideSolutionNode = FALSE
	EndGlobalSection
	GlobalSection(ExtensibilityGlobals) = postSolution
		SolutionGuid = {1881ADBC-7904-4FDF-8699-15EA3552E697}
	EndGlobalSection
EndGlobal
